
Microsoft Visual Studio Solution File, Format Version 12.00
Project("{FAE04EC0-301F-11D3-BF4B-00C04F79EFBC}") = "Kol2_APBD_s24675", "Kol2_APBD_s24675\Kol2_APBD_s24675.csproj", "{65B16FF2-D116-432D-B9F5-EA57FD2990DA}"
EndProject
Global
	GlobalSection(SolutionConfigurationPlatforms) = preSolution
		Debug|Any CPU = Debug|Any CPU
		Release|Any CPU = Release|Any CPU
	EndGlobalSection
	GlobalSection(ProjectConfigurationPlatforms) = postSolution
		{65B16FF2-D116-432D-B9F5-EA57FD2990DA}.Debug|Any CPU.ActiveCfg = Debug|Any CPU
		{65B16FF2-D116-432D-B9F5-EA57FD2990DA}.Debug|Any CPU.Build.0 = Debug|Any CPU
		{65B16FF2-D116-432D-B9F5-EA57FD2990DA}.Release|Any CPU.ActiveCfg = Release|Any CPU
		{65B16FF2-D116-432D-B9F5-EA57FD2990DA}.Release|Any CPU.Build.0 = Release|Any CPU
	EndGlobalSection
EndGlobal
